
Microsoft Visual Studio Solution File, Format Version 12.00
# Visual Studio 15
VisualStudioVersion = 15.0.26403.7
MinimumVisualStudioVersion = 10.0.40219.1
Project("{FAE04EC0-301F-11D3-BF4B-00C04F79EFBC}") = "PingNetcore.Api", "PingNetcore.Api\PingNetcore.Api.csproj", "{64C1AD62-ACA4-4C06-9E7E-481846135485}"
EndProject
Project("{E53339B2-1760-4266-BCC7-CA923CBCF16C}") = "docker-compose", "docker-compose.dcproj", "{BCBC73F8-FDA7-4DAD-B04B-CE00EAB6CC05}"
EndProject
Global
	GlobalSection(SolutionConfigurationPlatforms) = preSolution
		Debug|Any CPU = Debug|Any CPU
		Release|Any CPU = Release|Any CPU
	EndGlobalSection
	GlobalSection(ProjectConfigurationPlatforms) = postSolution
		{64C1AD62-ACA4-4C06-9E7E-481846135485}.Debug|Any CPU.ActiveCfg = Debug|Any CPU
		{64C1AD62-ACA4-4C06-9E7E-481846135485}.Debug|Any CPU.Build.0 = Debug|Any CPU
		{64C1AD62-ACA4-4C06-9E7E-481846135485}.Release|Any CPU.ActiveCfg = Release|Any CPU
		{64C1AD62-ACA4-4C06-9E7E-481846135485}.Release|Any CPU.Build.0 = Release|Any CPU
		{BCBC73F8-FDA7-4DAD-B04B-CE00EAB6CC05}.Debug|Any CPU.ActiveCfg = Debug|Any CPU
		{BCBC73F8-FDA7-4DAD-B04B-CE00EAB6CC05}.Debug|Any CPU.Build.0 = Debug|Any CPU
		{BCBC73F8-FDA7-4DAD-B04B-CE00EAB6CC05}.Release|Any CPU.ActiveCfg = Release|Any CPU
		{BCBC73F8-FDA7-4DAD-B04B-CE00EAB6CC05}.Release|Any CPU.Build.0 = Release|Any CPU
	EndGlobalSection
	GlobalSection(SolutionProperties) = preSolution
		HideSolutionNode = FALSE
	EndGlobalSection
EndGlobal
